
Microsoft Visual Studio Solution File, Format Version 12.00
# Visual Studio Version 17
VisualStudioVersion = 17.3.32819.101
MinimumVisualStudioVersion = 10.0.40219.1
Project("{FAE04EC0-301F-11D3-BF4B-00C04F79EFBC}") = "UserResgistration", "UserResgistration\UserResgistration.csproj", "{B7A142B2-52A8-4796-8601-2A10D3EF5BF7}"
EndProject
Global
	GlobalSection(SolutionConfigurationPlatforms) = preSolution
		Debug|Any CPU = Debug|Any CPU
		Release|Any CPU = Release|Any CPU
	EndGlobalSection
	GlobalSection(ProjectConfigurationPlatforms) = postSolution
		{B7A142B2-52A8-4796-8601-2A10D3EF5BF7}.Debug|Any CPU.ActiveCfg = Debug|Any CPU
		{B7A142B2-52A8-4796-8601-2A10D3EF5BF7}.Debug|Any CPU.Build.0 = Debug|Any CPU
		{B7A142B2-52A8-4796-8601-2A10D3EF5BF7}.Release|Any CPU.ActiveCfg = Release|Any CPU
		{B7A142B2-52A8-4796-8601-2A10D3EF5BF7}.Release|Any CPU.Build.0 = Release|Any CPU
	EndGlobalSection
	GlobalSection(SolutionProperties) = preSolution
		HideSolutionNode = FALSE
	EndGlobalSection
	GlobalSection(ExtensibilityGlobals) = postSolution
		SolutionGuid = {D9D9450E-3988-4E42-AE9D-01596862152A}
	EndGlobalSection
EndGlobal
